
Microsoft Visual Studio Solution File, Format Version 12.00
# Visual Studio Version 16
VisualStudioVersion = 16.0.32901.82
MinimumVisualStudioVersion = 10.0.40219.1
Project("{9A19103F-16F7-4668-BE54-9A1E7A4F7556}") = "Stardew-Valley", "Stardew-Valley.csproj", "{8EF8AB4D-9B37-45D9-9162-947EA4B8CA79}"
EndProject
Global
	GlobalSection(SolutionConfigurationPlatforms) = preSolution
		Debug|Any CPU = Debug|Any CPU
		Release|Any CPU = Release|Any CPU
	EndGlobalSection
	GlobalSection(ProjectConfigurationPlatforms) = postSolution
		{8EF8AB4D-9B37-45D9-9162-947EA4B8CA79}.Debug|Any CPU.ActiveCfg = Debug|Any CPU
		{8EF8AB4D-9B37-45D9-9162-947EA4B8CA79}.Debug|Any CPU.Build.0 = Debug|Any CPU
		{8EF8AB4D-9B37-45D9-9162-947EA4B8CA79}.Release|Any CPU.ActiveCfg = Release|Any CPU
		{8EF8AB4D-9B37-45D9-9162-947EA4B8CA79}.Release|Any CPU.Build.0 = Release|Any CPU
	EndGlobalSection
	GlobalSection(SolutionProperties) = preSolution
		HideSolutionNode = FALSE
	EndGlobalSection
	GlobalSection(ExtensibilityGlobals) = postSolution
		SolutionGuid = {54172533-2967-421E-943B-ED930DD26994}
	EndGlobalSection
EndGlobal
